
Microsoft Visual Studio Solution File, Format Version 12.00
# Visual Studio Version 17
VisualStudioVersion = 17.11.35327.3
MinimumVisualStudioVersion = 10.0.40219.1
Project("{FAE04EC0-301F-11D3-BF4B-00C04F79EFBC}") = "Dental App", "Dental App\Dental App.csproj", "{A57E3489-67D8-4CD4-8265-96A8017F6007}"
EndProject
Project("{FAE04EC0-301F-11D3-BF4B-00C04F79EFBC}") = "Business", "..\Business\Business\Business.csproj", "{2F3D13B1-691E-4F8A-BA67-7FA399029708}"
EndProject
Project("{FAE04EC0-301F-11D3-BF4B-00C04F79EFBC}") = "DataLayer", "..\DataLayer\DataLayer\DataLayer.csproj", "{52BC8B24-7C52-42E0-9BDB-D436B91B49B7}"
EndProject
Global
	GlobalSection(SolutionConfigurationPlatforms) = preSolution
		Debug|Any CPU = Debug|Any CPU
		Release|Any CPU = Release|Any CPU
	EndGlobalSection
	GlobalSection(ProjectConfigurationPlatforms) = postSolution
		{A57E3489-67D8-4CD4-8265-96A8017F6007}.Debug|Any CPU.ActiveCfg = Debug|Any CPU
		{A57E3489-67D8-4CD4-8265-96A8017F6007}.Debug|Any CPU.Build.0 = Debug|Any CPU
		{A57E3489-67D8-4CD4-8265-96A8017F6007}.Release|Any CPU.ActiveCfg = Release|Any CPU
		{A57E3489-67D8-4CD4-8265-96A8017F6007}.Release|Any CPU.Build.0 = Release|Any CPU
		{2F3D13B1-691E-4F8A-BA67-7FA399029708}.Debug|Any CPU.ActiveCfg = Debug|Any CPU
		{2F3D13B1-691E-4F8A-BA67-7FA399029708}.Debug|Any CPU.Build.0 = Debug|Any CPU
		{2F3D13B1-691E-4F8A-BA67-7FA399029708}.Release|Any CPU.ActiveCfg = Release|Any CPU
		{2F3D13B1-691E-4F8A-BA67-7FA399029708}.Release|Any CPU.Build.0 = Release|Any CPU
		{52BC8B24-7C52-42E0-9BDB-D436B91B49B7}.Debug|Any CPU.ActiveCfg = Debug|Any CPU
		{52BC8B24-7C52-42E0-9BDB-D436B91B49B7}.Debug|Any CPU.Build.0 = Debug|Any CPU
		{52BC8B24-7C52-42E0-9BDB-D436B91B49B7}.Release|Any CPU.ActiveCfg = Release|Any CPU
		{52BC8B24-7C52-42E0-9BDB-D436B91B49B7}.Release|Any CPU.Build.0 = Release|Any CPU
	EndGlobalSection
	GlobalSection(SolutionProperties) = preSolution
		HideSolutionNode = FALSE
	EndGlobalSection
	GlobalSection(ExtensibilityGlobals) = postSolution
		SolutionGuid = {F63AC74E-5CFC-4263-8CF2-12B15122B4B0}
	EndGlobalSection
EndGlobal
